
Microsoft Visual Studio Solution File, Format Version 12.00
# Visual Studio Version 17
VisualStudioVersion = 17.2.32526.322
MinimumVisualStudioVersion = 10.0.40219.1
Project("{FAE04EC0-301F-11D3-BF4B-00C04F79EFBC}") = "Work_with_JS", "Work_with_JS.csproj", "{32A35E4F-4C51-4127-BFA5-788812570D9C}"
EndProject
Global
	GlobalSection(SolutionConfigurationPlatforms) = preSolution
		Debug|Any CPU = Debug|Any CPU
		Release|Any CPU = Release|Any CPU
	EndGlobalSection
	GlobalSection(ProjectConfigurationPlatforms) = postSolution
		{32A35E4F-4C51-4127-BFA5-788812570D9C}.Debug|Any CPU.ActiveCfg = Debug|Any CPU
		{32A35E4F-4C51-4127-BFA5-788812570D9C}.Debug|Any CPU.Build.0 = Debug|Any CPU
		{32A35E4F-4C51-4127-BFA5-788812570D9C}.Release|Any CPU.ActiveCfg = Release|Any CPU
		{32A35E4F-4C51-4127-BFA5-788812570D9C}.Release|Any CPU.Build.0 = Release|Any CPU
	EndGlobalSection
	GlobalSection(SolutionProperties) = preSolution
		HideSolutionNode = FALSE
	EndGlobalSection
	GlobalSection(ExtensibilityGlobals) = postSolution
		SolutionGuid = {776A23AD-6726-41B1-ADEA-BF17CCC9D195}
	EndGlobalSection
EndGlobal
